// !$*UTF8*$!
{
	archiveVersion = 1;
	classes = {
	};
	objectVersion = 46;
	objects = {

/* Begin PBXBuildFile section */
		7BCEA68F180425D70001FAC5 /* Foundation.framework in Frameworks */ = {isa = PBXBuildFile; fileRef = 7BCEA68E180425D70001FAC5 /* Foundation.framework */; };
		7BCEA691180425D70001FAC5 /* CoreGraphics.framework in Frameworks */ = {isa = PBXBuildFile; fileRef = 7BCEA690180425D70001FAC5 /* CoreGraphics.framework */; };
		7BCEA693180425D70001FAC5 /* UIKit.framework in Frameworks */ = {isa = PBXBuildFile; fileRef = 7BCEA692180425D70001FAC5 /* UIKit.framework */; };
		7BCEA699180425D70001FAC5 /* InfoPlist.strings in Resources */ = {isa = PBXBuildFile; fileRef = 7BCEA697180425D70001FAC5 /* InfoPlist.strings */; };
		7BCEA69B180425D70001FAC5 /* main.m in Sources */ = {isa = PBXBuildFile; fileRef = 7BCEA69A180425D70001FAC5 /* main.m */; };
		7BCEA69F180425D70001FAC5 /* AppDelegate.m in Sources */ = {isa = PBXBuildFile; fileRef = 7BCEA69E180425D70001FAC5 /* AppDelegate.m */; };
		7BCEA6A2180425D70001FAC5 /* Main.storyboard in Resources */ = {isa = PBXBuildFile; fileRef = 7BCEA6A0180425D70001FAC5 /* Main.storyboard */; };
		7BCEA6A5180425D70001FAC5 /* CurrentLocationViewController.m in Sources */ = {isa = PBXBuildFile; fileRef = 7BCEA6A4180425D70001FAC5 /* CurrentLocationViewController.m */; };
		7BCEA6AA180425D70001FAC5 /* Images.xcassets in Resources */ = {isa = PBXBuildFile; fileRef = 7BCEA6A9180425D70001FAC5 /* Images.xcassets */; };
		7BCEA6B1180425D70001FAC5 /* XCTest.framework in Frameworks */ = {isa = PBXBuildFile; fileRef = 7BCEA6B0180425D70001FAC5 /* XCTest.framework */; };
		7BCEA6B2180425D70001FAC5 /* Foundation.framework in Frameworks */ = {isa = PBXBuildFile; fileRef = 7BCEA68E180425D70001FAC5 /* Foundation.framework */; };
		7BCEA6B3180425D70001FAC5 /* UIKit.framework in Frameworks */ = {isa = PBXBuildFile; fileRef = 7BCEA692180425D70001FAC5 /* UIKit.framework */; };
		7BCEA6BB180425D70001FAC5 /* InfoPlist.strings in Resources */ = {isa = PBXBuildFile; fileRef = 7BCEA6B9180425D70001FAC5 /* InfoPlist.strings */; };
		7BCEA6BD180425D70001FAC5 /* MyLocationsTests.m in Sources */ = {isa = PBXBuildFile; fileRef = 7BCEA6BC180425D70001FAC5 /* MyLocationsTests.m */; };
		7BCEA6C718058E610001FAC5 /* CoreLocation.framework in Frameworks */ = {isa = PBXBuildFile; fileRef = 7BCEA6C618058E610001FAC5 /* CoreLocation.framework */; };
		7BCEA70B180804DF0001FAC5 /* LocationDetailsViewController.m in Sources */ = {isa = PBXBuildFile; fileRef = 7BCEA70A180804DF0001FAC5 /* LocationDetailsViewController.m */; };
		7BCEA70E180854D40001FAC5 /* CategoryPickerViewController.m in Sources */ = {isa = PBXBuildFile; fileRef = 7BCEA70D180854D40001FAC5 /* CategoryPickerViewController.m */; };
		7BCEA7111808736F0001FAC5 /* HudView.m in Sources */ = {isa = PBXBuildFile; fileRef = 7BCEA7101808736F0001FAC5 /* HudView.m */; };
		7BCEA754180C21530001FAC5 /* CoreData.framework in Frameworks */ = {isa = PBXBuildFile; fileRef = 7BCEA753180C21530001FAC5 /* CoreData.framework */; };
		7BCEA757180C21CD0001FAC5 /* DataModel.xcdatamodeld in Sources */ = {isa = PBXBuildFile; fileRef = 7BCEA755180C21CD0001FAC5 /* DataModel.xcdatamodeld */; };
		7BCEA75D180C29EB0001FAC5 /* Location.m in Sources */ = {isa = PBXBuildFile; fileRef = 7BCEA75C180C29EB0001FAC5 /* Location.m */; };
		7BCEA760180D75770001FAC5 /* LocationsViewController.m in Sources */ = {isa = PBXBuildFile; fileRef = 7BCEA75F180D75770001FAC5 /* LocationsViewController.m */; };
		7BCEA763180D836F0001FAC5 /* LocationCell.m in Sources */ = {isa = PBXBuildFile; fileRef = 7BCEA762180D836F0001FAC5 /* LocationCell.m */; };
		7BCEA765180EB63D0001FAC5 /* MapKit.framework in Frameworks */ = {isa = PBXBuildFile; fileRef = 7BCEA764180EB63D0001FAC5 /* MapKit.framework */; };
		7BCEA768180EC2B90001FAC5 /* MapViewController.m in Sources */ = {isa = PBXBuildFile; fileRef = 7BCEA767180EC2B90001FAC5 /* MapViewController.m */; };
		7BCEA76B181030D70001FAC5 /* UIImage+Resize.m in Sources */ = {isa = PBXBuildFile; fileRef = 7BCEA76A181030D70001FAC5 /* UIImage+Resize.m */; };
		7BCEA770181131A80001FAC5 /* NSMutableString+AddText.m in Sources */ = {isa = PBXBuildFile; fileRef = 7BCEA76F181131A80001FAC5 /* NSMutableString+AddText.m */; };
		7BCEA77318115BE90001FAC5 /* MyTabBarController.m in Sources */ = {isa = PBXBuildFile; fileRef = 7BCEA77218115BE90001FAC5 /* MyTabBarController.m */; };
		7BCEA7761811604F0001FAC5 /* MyNavigationController.m in Sources */ = {isa = PBXBuildFile; fileRef = 7BCEA7751811604F0001FAC5 /* MyNavigationController.m */; };
		7BCEA7781811A8E90001FAC5 /* AudioToolbox.framework in Frameworks */ = {isa = PBXBuildFile; fileRef = 7BCEA7771811A8E90001FAC5 /* AudioToolbox.framework */; };
		7BCEA77B1811A90E0001FAC5 /* Sound.caf in Resources */ = {isa = PBXBuildFile; fileRef = 7BCEA77A1811A90E0001FAC5 /* Sound.caf */; };
/* End PBXBuildFile section */

/* Begin PBXContainerItemProxy section */
		7BCEA6B4180425D70001FAC5 /* PBXContainerItemProxy */ = {
			isa = PBXContainerItemProxy;
			containerPortal = 7BCEA683180425D70001FAC5 /* Project object */;
			proxyType = 1;
			remoteGlobalIDString = 7BCEA68A180425D70001FAC5;
			remoteInfo = MyLocations;
		};
/* End PBXContainerItemProxy section */

/* Begin PBXFileReference section */
		7BCEA68B180425D70001FAC5 /* MyLocations.app */ = {isa = PBXFileReference; explicitFileType = wrapper.application; includeInIndex = 0; path = MyLocations.app; sourceTree = BUILT_PRODUCTS_DIR; };
		7BCEA68E180425D70001FAC5 /* Foundation.framework */ = {isa = PBXFileReference; lastKnownFileType = wrapper.framework; name = Foundation.framework; path = System/Library/Frameworks/Foundation.framework; sourceTree = SDKROOT; };
		7BCEA690180425D70001FAC5 /* CoreGraphics.framework */ = {isa = PBXFileReference; lastKnownFileType = wrapper.framework; name = CoreGraphics.framework; path = System/Library/Frameworks/CoreGraphics.framework; sourceTree = SDKROOT; };
		7BCEA692180425D70001FAC5 /* UIKit.framework */ = {isa = PBXFileReference; lastKnownFileType = wrapper.framework; name = UIKit.framework; path = System/Library/Frameworks/UIKit.framework; sourceTree = SDKROOT; };
		7BCEA696180425D70001FAC5 /* MyLocations-Info.plist */ = {isa = PBXFileReference; lastKnownFileType = text.plist.xml; path = "MyLocations-Info.plist"; sourceTree = "<group>"; };
		7BCEA698180425D70001FAC5 /* en */ = {isa = PBXFileReference; lastKnownFileType = text.plist.strings; name = en; path = en.lproj/InfoPlist.strings; sourceTree = "<group>"; };
		7BCEA69A180425D70001FAC5 /* main.m */ = {isa = PBXFileReference; lastKnownFileType = sourcecode.c.objc; path = main.m; sourceTree = "<group>"; };
		7BCEA69C180425D70001FAC5 /* MyLocations-Prefix.pch */ = {isa = PBXFileReference; lastKnownFileType = sourcecode.c.h; path = "MyLocations-Prefix.pch"; sourceTree = "<group>"; };
		7BCEA69D180425D70001FAC5 /* AppDelegate.h */ = {isa = PBXFileReference; lastKnownFileType = sourcecode.c.h; path = AppDelegate.h; sourceTree = "<group>"; };
		7BCEA69E180425D70001FAC5 /* AppDelegate.m */ = {isa = PBXFileReference; lastKnownFileType = sourcecode.c.objc; path = AppDelegate.m; sourceTree = "<group>"; };
		7BCEA6A1180425D70001FAC5 /* Base */ = {isa = PBXFileReference; lastKnownFileType = file.storyboard; name = Base; path = Base.lproj/Main.storyboard; sourceTree = "<group>"; };
		7BCEA6A3180425D70001FAC5 /* CurrentLocationViewController.h */ = {isa = PBXFileReference; lastKnownFileType = sourcecode.c.h; path = CurrentLocationViewController.h; sourceTree = "<group>"; };
		7BCEA6A4180425D70001FAC5 /* CurrentLocationViewController.m */ = {isa = PBXFileReference; lastKnownFileType = sourcecode.c.objc; path = CurrentLocationViewController.m; sourceTree = "<group>"; };
		7BCEA6A9180425D70001FAC5 /* Images.xcassets */ = {isa = PBXFileReference; lastKnownFileType = folder.assetcatalog; path = Images.xcassets; sourceTree = "<group>"; };
		7BCEA6AF180425D70001FAC5 /* MyLocationsTests.xctest */ = {isa = PBXFileReference; explicitFileType = wrapper.cfbundle; includeInIndex = 0; path = MyLocationsTests.xctest; sourceTree = BUILT_PRODUCTS_DIR; };
		7BCEA6B0180425D70001FAC5 /* XCTest.framework */ = {isa = PBXFileReference; lastKnownFileType = wrapper.framework; name = XCTest.framework; path = Library/Frameworks/XCTest.framework; sourceTree = DEVELOPER_DIR; };
		7BCEA6B8180425D70001FAC5 /* MyLocationsTests-Info.plist */ = {isa = PBXFileReference; lastKnownFileType = text.plist.xml; path = "MyLocationsTests-Info.plist"; sourceTree = "<group>"; };
		7BCEA6BA180425D70001FAC5 /* en */ = {isa = PBXFileReference; lastKnownFileType = text.plist.strings; name = en; path = en.lproj/InfoPlist.strings; sourceTree = "<group>"; };
		7BCEA6BC180425D70001FAC5 /* MyLocationsTests.m */ = {isa = PBXFileReference; lastKnownFileType = sourcecode.c.objc; path = MyLocationsTests.m; sourceTree = "<group>"; };
		7BCEA6C618058E610001FAC5 /* CoreLocation.framework */ = {isa = PBXFileReference; lastKnownFileType = wrapper.framework; name = CoreLocation.framework; path = System/Library/Frameworks/CoreLocation.framework; sourceTree = SDKROOT; };
		7BCEA709180804DF0001FAC5 /* LocationDetailsViewController.h */ = {isa = PBXFileReference; fileEncoding = 4; lastKnownFileType = sourcecode.c.h; path = LocationDetailsViewController.h; sourceTree = "<group>"; };
		7BCEA70A180804DF0001FAC5 /* LocationDetailsViewController.m */ = {isa = PBXFileReference; fileEncoding = 4; lastKnownFileType = sourcecode.c.objc; path = LocationDetailsViewController.m; sourceTree = "<group>"; };
		7BCEA70C180854D40001FAC5 /* CategoryPickerViewController.h */ = {isa = PBXFileReference; fileEncoding = 4; lastKnownFileType = sourcecode.c.h; path = CategoryPickerViewController.h; sourceTree = "<group>"; };
		7BCEA70D180854D40001FAC5 /* CategoryPickerViewController.m */ = {isa = PBXFileReference; fileEncoding = 4; lastKnownFileType = sourcecode.c.objc; path = CategoryPickerViewController.m; sourceTree = "<group>"; };
		7BCEA70F1808736F0001FAC5 /* HudView.h */ = {isa = PBXFileReference; fileEncoding = 4; lastKnownFileType = sourcecode.c.h; path = HudView.h; sourceTree = "<group>"; };
		7BCEA7101808736F0001FAC5 /* HudView.m */ = {isa = PBXFileReference; fileEncoding = 4; lastKnownFileType = sourcecode.c.objc; path = HudView.m; sourceTree = "<group>"; };
		7BCEA753180C21530001FAC5 /* CoreData.framework */ = {isa = PBXFileReference; lastKnownFileType = wrapper.framework; name = CoreData.framework; path = System/Library/Frameworks/CoreData.framework; sourceTree = SDKROOT; };
		7BCEA756180C21CD0001FAC5 /* DataModel.xcdatamodel */ = {isa = PBXFileReference; lastKnownFileType = wrapper.xcdatamodel; path = DataModel.xcdatamodel; sourceTree = "<group>"; };
		7BCEA75B180C29EB0001FAC5 /* Location.h */ = {isa = PBXFileReference; fileEncoding = 4; lastKnownFileType = sourcecode.c.h; path = Location.h; sourceTree = "<group>"; };
		7BCEA75C180C29EB0001FAC5 /* Location.m */ = {isa = PBXFileReference; fileEncoding = 4; lastKnownFileType = sourcecode.c.objc; path = Location.m; sourceTree = "<group>"; };
		7BCEA75E180D75770001FAC5 /* LocationsViewController.h */ = {isa = PBXFileReference; fileEncoding = 4; lastKnownFileType = sourcecode.c.h; path = LocationsViewController.h; sourceTree = "<group>"; };
		7BCEA75F180D75770001FAC5 /* LocationsViewController.m */ = {isa = PBXFileReference; fileEncoding = 4; lastKnownFileType = sourcecode.c.objc; path = LocationsViewController.m; sourceTree = "<group>"; };
		7BCEA761180D836F0001FAC5 /* LocationCell.h */ = {isa = PBXFileReference; fileEncoding = 4; lastKnownFileType = sourcecode.c.h; path = LocationCell.h; sourceTree = "<group>"; };
		7BCEA762180D836F0001FAC5 /* LocationCell.m */ = {isa = PBXFileReference; fileEncoding = 4; lastKnownFileType = sourcecode.c.objc; path = LocationCell.m; sourceTree = "<group>"; };
		7BCEA764180EB63D0001FAC5 /* MapKit.framework */ = {isa = PBXFileReference; lastKnownFileType = wrapper.framework; name = MapKit.framework; path = System/Library/Frameworks/MapKit.framework; sourceTree = SDKROOT; };
		7BCEA766180EC2B90001FAC5 /* MapViewController.h */ = {isa = PBXFileReference; fileEncoding = 4; lastKnownFileType = sourcecode.c.h; path = MapViewController.h; sourceTree = "<group>"; };
		7BCEA767180EC2B90001FAC5 /* MapViewController.m */ = {isa = PBXFileReference; fileEncoding = 4; lastKnownFileType = sourcecode.c.objc; path = MapViewController.m; sourceTree = "<group>"; };
		7BCEA769181030D70001FAC5 /* UIImage+Resize.h */ = {isa = PBXFileReference; fileEncoding = 4; lastKnownFileType = sourcecode.c.h; path = "UIImage+Resize.h"; sourceTree = "<group>"; };
		7BCEA76A181030D70001FAC5 /* UIImage+Resize.m */ = {isa = PBXFileReference; fileEncoding = 4; lastKnownFileType = sourcecode.c.objc; path = "UIImage+Resize.m"; sourceTree = "<group>"; };
		7BCEA76E181131A80001FAC5 /* NSMutableString+AddText.h */ = {isa = PBXFileReference; fileEncoding = 4; lastKnownFileType = sourcecode.c.h; path = "NSMutableString+AddText.h"; sourceTree = "<group>"; };
		7BCEA76F181131A80001FAC5 /* NSMutableString+AddText.m */ = {isa = PBXFileReference; fileEncoding = 4; lastKnownFileType = sourcecode.c.objc; path = "NSMutableString+AddText.m"; sourceTree = "<group>"; };
		7BCEA77118115BE90001FAC5 /* MyTabBarController.h */ = {isa = PBXFileReference; fileEncoding = 4; lastKnownFileType = sourcecode.c.h; path = MyTabBarController.h; sourceTree = "<group>"; };
		7BCEA77218115BE90001FAC5 /* MyTabBarController.m */ = {isa = PBXFileReference; fileEncoding = 4; lastKnownFileType = sourcecode.c.objc; path = MyTabBarController.m; sourceTree = "<group>"; };
		7BCEA7741811604F0001FAC5 /* MyNavigationController.h */ = {isa = PBXFileReference; fileEncoding = 4; lastKnownFileType = sourcecode.c.h; path = MyNavigationController.h; sourceTree = "<group>"; };
		7BCEA7751811604F0001FAC5 /* MyNavigationController.m */ = {isa = PBXFileReference; fileEncoding = 4; lastKnownFileType = sourcecode.c.objc; path = MyNavigationController.m; sourceTree = "<group>"; };
		7BCEA7771811A8E90001FAC5 /* AudioToolbox.framework */ = {isa = PBXFileReference; lastKnownFileType = wrapper.framework; name = AudioToolbox.framework; path = System/Library/Frameworks/AudioToolbox.framework; sourceTree = SDKROOT; };
		7BCEA77A1811A90E0001FAC5 /* Sound.caf */ = {isa = PBXFileReference; lastKnownFileType = file; path = Sound.caf; sourceTree = "<group>"; };
/* End PBXFileReference section */

/* Begin PBXFrameworksBuildPhase section */
		7BCEA688180425D70001FAC5 /* Frameworks */ = {
			isa = PBXFrameworksBuildPhase;
			buildActionMask = 2147483647;
			files = (
				7BCEA7781811A8E90001FAC5 /* AudioToolbox.framework in Frameworks */,
				7BCEA765180EB63D0001FAC5 /* MapKit.framework in Frameworks */,
				7BCEA754180C21530001FAC5 /* CoreData.framework in Frameworks */,
				7BCEA6C718058E610001FAC5 /* CoreLocation.framework in Frameworks */,
				7BCEA691180425D70001FAC5 /* CoreGraphics.framework in Frameworks */,
				7BCEA693180425D70001FAC5 /* UIKit.framework in Frameworks */,
				7BCEA68F180425D70001FAC5 /* Foundation.framework in Frameworks */,
			);
			runOnlyForDeploymentPostprocessing = 0;
		};
		7BCEA6AC180425D70001FAC5 /* Frameworks */ = {
			isa = PBXFrameworksBuildPhase;
			buildActionMask = 2147483647;
			files = (
				7BCEA6B1180425D70001FAC5 /* XCTest.framework in Frameworks */,
				7BCEA6B3180425D70001FAC5 /* UIKit.framework in Frameworks */,
				7BCEA6B2180425D70001FAC5 /* Foundation.framework in Frameworks */,
			);
			runOnlyForDeploymentPostprocessing = 0;
		};
/* End PBXFrameworksBuildPhase section */

/* Begin PBXGroup section */
		7BCEA682180425D70001FAC5 = {
			isa = PBXGroup;
			children = (
				7BCEA694180425D70001FAC5 /* MyLocations */,
				7BCEA6B6180425D70001FAC5 /* MyLocationsTests */,
				7BCEA68D180425D70001FAC5 /* Frameworks */,
				7BCEA68C180425D70001FAC5 /* Products */,
			);
			sourceTree = "<group>";
		};
		7BCEA68C180425D70001FAC5 /* Products */ = {
			isa = PBXGroup;
			children = (
				7BCEA68B180425D70001FAC5 /* MyLocations.app */,
				7BCEA6AF180425D70001FAC5 /* MyLocationsTests.xctest */,
			);
			name = Products;
			sourceTree = "<group>";
		};
		7BCEA68D180425D70001FAC5 /* Frameworks */ = {
			isa = PBXGroup;
			children = (
				7BCEA7771811A8E90001FAC5 /* AudioToolbox.framework */,
				7BCEA764180EB63D0001FAC5 /* MapKit.framework */,
				7BCEA753180C21530001FAC5 /* CoreData.framework */,
				7BCEA6C618058E610001FAC5 /* CoreLocation.framework */,
				7BCEA68E180425D70001FAC5 /* Foundation.framework */,
				7BCEA690180425D70001FAC5 /* CoreGraphics.framework */,
				7BCEA692180425D70001FAC5 /* UIKit.framework */,
				7BCEA6B0180425D70001FAC5 /* XCTest.framework */,
			);
			name = Frameworks;
			sourceTree = "<group>";
		};
		7BCEA694180425D70001FAC5 /* MyLocations */ = {
			isa = PBXGroup;
			children = (
				7BCEA69D180425D70001FAC5 /* AppDelegate.h */,
				7BCEA69E180425D70001FAC5 /* AppDelegate.m */,
				7BCEA6A0180425D70001FAC5 /* Main.storyboard */,
				7BCEA6A3180425D70001FAC5 /* CurrentLocationViewController.h */,
				7BCEA6A4180425D70001FAC5 /* CurrentLocationViewController.m */,
				7BCEA6A9180425D70001FAC5 /* Images.xcassets */,
				7BCEA695180425D70001FAC5 /* Supporting Files */,
				7BCEA709180804DF0001FAC5 /* LocationDetailsViewController.h */,
				7BCEA70A180804DF0001FAC5 /* LocationDetailsViewController.m */,
				7BCEA70C180854D40001FAC5 /* CategoryPickerViewController.h */,
				7BCEA70D180854D40001FAC5 /* CategoryPickerViewController.m */,
				7BCEA70F1808736F0001FAC5 /* HudView.h */,
				7BCEA7101808736F0001FAC5 /* HudView.m */,
				7BCEA755180C21CD0001FAC5 /* DataModel.xcdatamodeld */,
				7BCEA75B180C29EB0001FAC5 /* Location.h */,
				7BCEA75C180C29EB0001FAC5 /* Location.m */,
				7BCEA75E180D75770001FAC5 /* LocationsViewController.h */,
				7BCEA75F180D75770001FAC5 /* LocationsViewController.m */,
				7BCEA761180D836F0001FAC5 /* LocationCell.h */,
				7BCEA762180D836F0001FAC5 /* LocationCell.m */,
				7BCEA766180EC2B90001FAC5 /* MapViewController.h */,
				7BCEA767180EC2B90001FAC5 /* MapViewController.m */,
				7BCEA769181030D70001FAC5 /* UIImage+Resize.h */,
				7BCEA76A181030D70001FAC5 /* UIImage+Resize.m */,
				7BCEA76E181131A80001FAC5 /* NSMutableString+AddText.h */,
				7BCEA76F181131A80001FAC5 /* NSMutableString+AddText.m */,
				7BCEA77118115BE90001FAC5 /* MyTabBarController.h */,
				7BCEA77218115BE90001FAC5 /* MyTabBarController.m */,
				7BCEA7741811604F0001FAC5 /* MyNavigationController.h */,
				7BCEA7751811604F0001FAC5 /* MyNavigationController.m */,
				7BCEA7791811A90E0001FAC5 /* Sound */,
			);
			path = MyLocations;
			sourceTree = "<group>";
		};
		7BCEA695180425D70001FAC5 /* Supporting Files */ = {
			isa = PBXGroup;
			children = (
				7BCEA696180425D70001FAC5 /* MyLocations-Info.plist */,
				7BCEA697180425D70001FAC5 /* InfoPlist.strings */,
				7BCEA69A180425D70001FAC5 /* main.m */,
				7BCEA69C180425D70001FAC5 /* MyLocations-Prefix.pch */,
			);
			name = "Supporting Files";
			sourceTree = "<group>";
		};
		7BCEA6B6180425D70001FAC5 /* MyLocationsTests */ = {
			isa = PBXGroup;
			children = (
				7BCEA6BC180425D70001FAC5 /* MyLocationsTests.m */,
				7BCEA6B7180425D70001FAC5 /* Supporting Files */,
			);
			path = MyLocationsTests;
			sourceTree = "<group>";
		};
		7BCEA6B7180425D70001FAC5 /* Supporting Files */ = {
			isa = PBXGroup;
			children = (
				7BCEA6B8180425D70001FAC5 /* MyLocationsTests-Info.plist */,
				7BCEA6B9180425D70001FAC5 /* InfoPlist.strings */,
			);
			name = "Supporting Files";
			sourceTree = "<group>";
		};
		7BCEA7791811A90E0001FAC5 /* Sound */ = {
			isa = PBXGroup;
			children = (
				7BCEA77A1811A90E0001FAC5 /* Sound.caf */,
			);
			path = Sound;
			sourceTree = "<group>";
		};
/* End PBXGroup section */

/* Begin PBXNativeTarget section */
		7BCEA68A180425D70001FAC5 /* MyLocations */ = {
			isa = PBXNativeTarget;
			buildConfigurationList = 7BCEA6C0180425D70001FAC5 /* Build configuration list for PBXNativeTarget "MyLocations" */;
			buildPhases = (
				7BCEA687180425D70001FAC5 /* Sources */,
				7BCEA688180425D70001FAC5 /* Frameworks */,
				7BCEA689180425D70001FAC5 /* Resources */,
			);
			buildRules = (
			);
			dependencies = (
			);
			name = MyLocations;
			productName = MyLocations;
			productReference = 7BCEA68B180425D70001FAC5 /* MyLocations.app */;
			productType = "com.apple.product-type.application";
		};
		7BCEA6AE180425D70001FAC5 /* MyLocationsTests */ = {
			isa = PBXNativeTarget;
			buildConfigurationList = 7BCEA6C3180425D70001FAC5 /* Build configuration list for PBXNativeTarget "MyLocationsTests" */;
			buildPhases = (
				7BCEA6AB180425D70001FAC5 /* Sources */,
				7BCEA6AC180425D70001FAC5 /* Frameworks */,
				7BCEA6AD180425D70001FAC5 /* Resources */,
			);
			buildRules = (
			);
			dependencies = (
				7BCEA6B5180425D70001FAC5 /* PBXTargetDependency */,
			);
			name = MyLocationsTests;
			productName = MyLocationsTests;
			productReference = 7BCEA6AF180425D70001FAC5 /* MyLocationsTests.xctest */;
			productType = "com.apple.product-type.bundle.unit-test";
		};
/* End PBXNativeTarget section */

/* Begin PBXProject section */
		7BCEA683180425D70001FAC5 /* Project object */ = {
			isa = PBXProject;
			attributes = {
				LastUpgradeCheck = 0500;
				ORGANIZATIONNAME = "Razeware LLC";
				TargetAttributes = {
					7BCEA68A180425D70001FAC5 = {
						DevelopmentTeam = TTY47Y3GT3;
					};
					7BCEA6AE180425D70001FAC5 = {
						TestTargetID = 7BCEA68A180425D70001FAC5;
					};
				};
			};
			buildConfigurationList = 7BCEA686180425D70001FAC5 /* Build configuration list for PBXProject "MyLocations" */;
			compatibilityVersion = "Xcode 3.2";
			developmentRegion = English;
			hasScannedForEncodings = 0;
			knownRegions = (
				en,
				Base,
			);
			mainGroup = 7BCEA682180425D70001FAC5;
			productRefGroup = 7BCEA68C180425D70001FAC5 /* Products */;
			projectDirPath = "";
			projectRoot = "";
			targets = (
				7BCEA68A180425D70001FAC5 /* MyLocations */,
				7BCEA6AE180425D70001FAC5 /* MyLocationsTests */,
			);
		};
/* End PBXProject section */

/* Begin PBXResourcesBuildPhase section */
		7BCEA689180425D70001FAC5 /* Resources */ = {
			isa = PBXResourcesBuildPhase;
			buildActionMask = 2147483647;
			files = (
				7BCEA6AA180425D70001FAC5 /* Images.xcassets in Resources */,
				7BCEA699180425D70001FAC5 /* InfoPlist.strings in Resources */,
				7BCEA77B1811A90E0001FAC5 /* Sound.caf in Resources */,
				7BCEA6A2180425D70001FAC5 /* Main.storyboard in Resources */,
			);
			runOnlyForDeploymentPostprocessing = 0;
		};
		7BCEA6AD180425D70001FAC5 /* Resources */ = {
			isa = PBXResourcesBuildPhase;
			buildActionMask = 2147483647;
			files = (
				7BCEA6BB180425D70001FAC5 /* InfoPlist.strings in Resources */,
			);
			runOnlyForDeploymentPostprocessing = 0;
		};
/* End PBXResourcesBuildPhase section */

/* Begin PBXSourcesBuildPhase section */
		7BCEA687180425D70001FAC5 /* Sources */ = {
			isa = PBXSourcesBuildPhase;
			buildActionMask = 2147483647;
			files = (
				7BCEA757180C21CD0001FAC5 /* DataModel.xcdatamodeld in Sources */,
				7BCEA69F180425D70001FAC5 /* AppDelegate.m in Sources */,
				7BCEA768180EC2B90001FAC5 /* MapViewController.m in Sources */,
				7BCEA6A5180425D70001FAC5 /* CurrentLocationViewController.m in Sources */,
				7BCEA770181131A80001FAC5 /* NSMutableString+AddText.m in Sources */,
				7BCEA77318115BE90001FAC5 /* MyTabBarController.m in Sources */,
				7BCEA75D180C29EB0001FAC5 /* Location.m in Sources */,
				7BCEA69B180425D70001FAC5 /* main.m in Sources */,
				7BCEA7111808736F0001FAC5 /* HudView.m in Sources */,
				7BCEA7761811604F0001FAC5 /* MyNavigationController.m in Sources */,
				7BCEA760180D75770001FAC5 /* LocationsViewController.m in Sources */,
				7BCEA70E180854D40001FAC5 /* CategoryPickerViewController.m in Sources */,
				7BCEA76B181030D70001FAC5 /* UIImage+Resize.m in Sources */,
				7BCEA763180D836F0001FAC5 /* LocationCell.m in Sources */,
				7BCEA70B180804DF0001FAC5 /* LocationDetailsViewController.m in Sources */,
			);
			runOnlyForDeploymentPostprocessing = 0;
		};
		7BCEA6AB180425D70001FAC5 /* Sources */ = {
			isa = PBXSourcesBuildPhase;
			buildActionMask = 2147483647;
			files = (
				7BCEA6BD180425D70001FAC5 /* MyLocationsTests.m in Sources */,
			);
			runOnlyForDeploymentPostprocessing = 0;
		};
/* End PBXSourcesBuildPhase section */

/* Begin PBXTargetDependency section */
		7BCEA6B5180425D70001FAC5 /* PBXTargetDependency */ = {
			isa = PBXTargetDependency;
			target = 7BCEA68A180425D70001FAC5 /* MyLocations */;
			targetProxy = 7BCEA6B4180425D70001FAC5 /* PBXContainerItemProxy */;
		};
/* End PBXTargetDependency section */

/* Begin PBXVariantGroup section */
		7BCEA697180425D70001FAC5 /* InfoPlist.strings */ = {
			isa = PBXVariantGroup;
			children = (
				7BCEA698180425D70001FAC5 /* en */,
			);
			name = InfoPlist.strings;
			sourceTree = "<group>";
		};
		7BCEA6A0180425D70001FAC5 /* Main.storyboard */ = {
			isa = PBXVariantGroup;
			children = (
				7BCEA6A1180425D70001FAC5 /* Base */,
			);
			name = Main.storyboard;
			sourceTree = "<group>";
		};
		7BCEA6B9180425D70001FAC5 /* InfoPlist.strings */ = {
			isa = PBXVariantGroup;
			children = (
				7BCEA6BA180425D70001FAC5 /* en */,
			);
			name = InfoPlist.strings;
			sourceTree = "<group>";
		};
/* End PBXVariantGroup section */

/* Begin XCBuildConfiguration section */
		7BCEA6BE180425D70001FAC5 /* Debug */ = {
			isa = XCBuildConfiguration;
			buildSettings = {
				ALWAYS_SEARCH_USER_PATHS = NO;
				ARCHS = "$(ARCHS_STANDARD_INCLUDING_64_BIT)";
				CLANG_CXX_LANGUAGE_STANDARD = "gnu++0x";
				CLANG_CXX_LIBRARY = "libc++";
				CLANG_ENABLE_MODULES = YES;
				CLANG_ENABLE_OBJC_ARC = YES;
				CLANG_WARN_BOOL_CONVERSION = YES;
				CLANG_WARN_CONSTANT_CONVERSION = YES;
				CLANG_WARN_DIRECT_OBJC_ISA_USAGE = YES_ERROR;
				CLANG_WARN_EMPTY_BODY = YES;
				CLANG_WARN_ENUM_CONVERSION = YES;
				CLANG_WARN_INT_CONVERSION = YES;
				CLANG_WARN_OBJC_ROOT_CLASS = YES_ERROR;
				CLANG_WARN__DUPLICATE_METHOD_MATCH = YES;
				"CODE_SIGN_IDENTITY[sdk=iphoneos*]" = "iPhone Developer";
				COPY_PHASE_STRIP = NO;
				GCC_C_LANGUAGE_STANDARD = gnu99;
				GCC_DYNAMIC_NO_PIC = NO;
				GCC_OPTIMIZATION_LEVEL = 0;
				GCC_PREPROCESSOR_DEFINITIONS = (
					"DEBUG=1",
					"$(inherited)",
				);
				GCC_SYMBOLS_PRIVATE_EXTERN = NO;
				GCC_WARN_64_TO_32_BIT_CONVERSION = YES;
				GCC_WARN_ABOUT_RETURN_TYPE = YES_ERROR;
				GCC_WARN_UNDECLARED_SELECTOR = YES;
				GCC_WARN_UNINITIALIZED_AUTOS = YES;
				GCC_WARN_UNUSED_FUNCTION = YES;
				GCC_WARN_UNUSED_VARIABLE = YES;
				IPHONEOS_DEPLOYMENT_TARGET = 7.0;
				ONLY_ACTIVE_ARCH = YES;
				SDKROOT = iphoneos;
			};
			name = Debug;
		};
		7BCEA6BF180425D70001FAC5 /* Release */ = {
			isa = XCBuildConfiguration;
			buildSettings = {
				ALWAYS_SEARCH_USER_PATHS = NO;
				ARCHS = "$(ARCHS_STANDARD_INCLUDING_64_BIT)";
				CLANG_CXX_LANGUAGE_STANDARD = "gnu++0x";
				CLANG_CXX_LIBRARY = "libc++";
				CLANG_ENABLE_MODULES = YES;
				CLANG_ENABLE_OBJC_ARC = YES;
				CLANG_WARN_BOOL_CONVERSION = YES;
				CLANG_WARN_CONSTANT_CONVERSION = YES;
				CLANG_WARN_DIRECT_OBJC_ISA_USAGE = YES_ERROR;
				CLANG_WARN_EMPTY_BODY = YES;
				CLANG_WARN_ENUM_CONVERSION = YES;
				CLANG_WARN_INT_CONVERSION = YES;
				CLANG_WARN_OBJC_ROOT_CLASS = YES_ERROR;
				CLANG_WARN__DUPLICATE_METHOD_MATCH = YES;
				"CODE_SIGN_IDENTITY[sdk=iphoneos*]" = "iPhone Developer";
				COPY_PHASE_STRIP = YES;
				ENABLE_NS_ASSERTIONS = NO;
				GCC_C_LANGUAGE_STANDARD = gnu99;
				GCC_WARN_64_TO_32_BIT_CONVERSION = YES;
				GCC_WARN_ABOUT_RETURN_TYPE = YES_ERROR;
				GCC_WARN_UNDECLARED_SELECTOR = YES;
				GCC_WARN_UNINITIALIZED_AUTOS = YES;
				GCC_WARN_UNUSED_FUNCTION = YES;
				GCC_WARN_UNUSED_VARIABLE = YES;
				IPHONEOS_DEPLOYMENT_TARGET = 7.0;
				SDKROOT = iphoneos;
				VALIDATE_PRODUCT = YES;
			};
			name = Release;
		};
		7BCEA6C1180425D70001FAC5 /* Debug */ = {
			isa = XCBuildConfiguration;
			buildSettings = {
				ASSETCATALOG_COMPILER_APPICON_NAME = AppIcon;
				ASSETCATALOG_COMPILER_LAUNCHIMAGE_NAME = LaunchImage;
				CODE_SIGN_IDENTITY = "iPhone Developer";
				"CODE_SIGN_IDENTITY[sdk=iphoneos*]" = "iPhone Developer";
				GCC_PRECOMPILE_PREFIX_HEADER = YES;
				GCC_PREFIX_HEADER = "MyLocations/MyLocations-Prefix.pch";
				INFOPLIST_FILE = "MyLocations/MyLocations-Info.plist";
				PRODUCT_NAME = "$(TARGET_NAME)";
				PROVISIONING_PROFILE = "";
				WRAPPER_EXTENSION = app;
			};
			name = Debug;
		};
		7BCEA6C2180425D70001FAC5 /* Release */ = {
			isa = XCBuildConfiguration;
			buildSettings = {
				ASSETCATALOG_COMPILER_APPICON_NAME = AppIcon;
				ASSETCATALOG_COMPILER_LAUNCHIMAGE_NAME = LaunchImage;
				CODE_SIGN_IDENTITY = "iPhone Developer";
				"CODE_SIGN_IDENTITY[sdk=iphoneos*]" = "iPhone Developer";
				GCC_PRECOMPILE_PREFIX_HEADER = YES;
				GCC_PREFIX_HEADER = "MyLocations/MyLocations-Prefix.pch";
				INFOPLIST_FILE = "MyLocations/MyLocations-Info.plist";
				PRODUCT_NAME = "$(TARGET_NAME)";
				PROVISIONING_PROFILE = "";
				WRAPPER_EXTENSION = app;
			};
			name = Release;
		};
		7BCEA6C4180425D70001FAC5 /* Debug */ = {
			isa = XCBuildConfiguration;
			buildSettings = {
				ARCHS = "$(ARCHS_STANDARD_INCLUDING_64_BIT)";
				BUNDLE_LOADER = "$(BUILT_PRODUCTS_DIR)/MyLocations.app/MyLocations";
				FRAMEWORK_SEARCH_PATHS = (
					"$(SDKROOT)/Developer/Library/Frameworks",
					"$(inherited)",
					"$(DEVELOPER_FRAMEWORKS_DIR)",
				);
				GCC_PRECOMPILE_PREFIX_HEADER = YES;
				GCC_PREFIX_HEADER = "MyLocations/MyLocations-Prefix.pch";
				GCC_PREPROCESSOR_DEFINITIONS = (
					"DEBUG=1",
					"$(inherited)",
				);
				INFOPLIST_FILE = "MyLocationsTests/MyLocationsTests-Info.plist";
				PRODUCT_NAME = "$(TARGET_NAME)";
				TEST_HOST = "$(BUNDLE_LOADER)";
				WRAPPER_EXTENSION = xctest;
			};
			name = Debug;
		};
		7BCEA6C5180425D70001FAC5 /* Release */ = {
			isa = XCBuildConfiguration;
			buildSettings = {
				ARCHS = "$(ARCHS_STANDARD_INCLUDING_64_BIT)";
				BUNDLE_LOADER = "$(BUILT_PRODUCTS_DIR)/MyLocations.app/MyLocations";
				FRAMEWORK_SEARCH_PATHS = (
					"$(SDKROOT)/Developer/Library/Frameworks",
					"$(inherited)",
					"$(DEVELOPER_FRAMEWORKS_DIR)",
				);
				GCC_PRECOMPILE_PREFIX_HEADER = YES;
				GCC_PREFIX_HEADER = "MyLocations/MyLocations-Prefix.pch";
				INFOPLIST_FILE = "MyLocationsTests/MyLocationsTests-Info.plist";
				PRODUCT_NAME = "$(TARGET_NAME)";
				TEST_HOST = "$(BUNDLE_LOADER)";
				WRAPPER_EXTENSION = xctest;
			};
			name = Release;
		};
/* End XCBuildConfiguration section */

/* Begin XCConfigurationList section */
		7BCEA686180425D70001FAC5 /* Build configuration list for PBXProject "MyLocations" */ = {
			isa = XCConfigurationList;
			buildConfigurations = (
				7BCEA6BE180425D70001FAC5 /* Debug */,
				7BCEA6BF180425D70001FAC5 /* Release */,
			);
			defaultConfigurationIsVisible = 0;
			defaultConfigurationName = Release;
		};
		7BCEA6C0180425D70001FAC5 /* Build configuration list for PBXNativeTarget "MyLocations" */ = {
			isa = XCConfigurationList;
			buildConfigurations = (
				7BCEA6C1180425D70001FAC5 /* Debug */,
				7BCEA6C2180425D70001FAC5 /* Release */,
			);
			defaultConfigurationIsVisible = 0;
			defaultConfigurationName = Release;
		};
		7BCEA6C3180425D70001FAC5 /* Build configuration list for PBXNativeTarget "MyLocationsTests" */ = {
			isa = XCConfigurationList;
			buildConfigurations = (
				7BCEA6C4180425D70001FAC5 /* Debug */,
				7BCEA6C5180425D70001FAC5 /* Release */,
			);
			defaultConfigurationIsVisible = 0;
			defaultConfigurationName = Release;
		};
/* End XCConfigurationList section */

/* Begin XCVersionGroup section */
		7BCEA755180C21CD0001FAC5 /* DataModel.xcdatamodeld */ = {
			isa = XCVersionGroup;
			children = (
				7BCEA756180C21CD0001FAC5 /* DataModel.xcdatamodel */,
			);
			currentVersion = 7BCEA756180C21CD0001FAC5 /* DataModel.xcdatamodel */;
			path = DataModel.xcdatamodeld;
			sourceTree = "<group>";
			versionGroupType = wrapper.xcdatamodel;
		};
/* End XCVersionGroup section */
	};
	rootObject = 7BCEA683180425D70001FAC5 /* Project object */;
}
