// !$*UTF8*$!
{
	archiveVersion = 1;
	classes = {
	};
	objectVersion = 46;
	objects = {

/* Begin PBXBuildFile section */
		143E9A660E974D8CBFE5DB8C /* libPods-StoreSearchTests.a in Frameworks */ = {isa = PBXBuildFile; fileRef = FDAD1B2B023BB5947F344CC6 /* libPods-StoreSearchTests.a */; };
		18E8F11F7F507B47810833F4 /* libPods-StoreSearchUITests.a in Frameworks */ = {isa = PBXBuildFile; fileRef = 289758D93BBA69FACC4BDF6E /* libPods-StoreSearchUITests.a */; };
		84030FA61D3FBC5C00903C0E /* SearchResult.m in Sources */ = {isa = PBXBuildFile; fileRef = 84030FA51D3FBC5C00903C0E /* SearchResult.m */; };
		8411C3211D3F5A80003FC684 /* main.m in Sources */ = {isa = PBXBuildFile; fileRef = 8411C3201D3F5A80003FC684 /* main.m */; };
		8411C3241D3F5A80003FC684 /* AppDelegate.m in Sources */ = {isa = PBXBuildFile; fileRef = 8411C3231D3F5A80003FC684 /* AppDelegate.m */; };
		8411C32C1D3F5A80003FC684 /* Assets.xcassets in Resources */ = {isa = PBXBuildFile; fileRef = 8411C32B1D3F5A80003FC684 /* Assets.xcassets */; };
		8411C32F1D3F5A80003FC684 /* LaunchScreen.storyboard in Resources */ = {isa = PBXBuildFile; fileRef = 8411C32D1D3F5A80003FC684 /* LaunchScreen.storyboard */; };
		8411C33A1D3F5A80003FC684 /* StoreSearchTests.m in Sources */ = {isa = PBXBuildFile; fileRef = 8411C3391D3F5A80003FC684 /* StoreSearchTests.m */; };
		8411C3451D3F5A80003FC684 /* StoreSearchUITests.m in Sources */ = {isa = PBXBuildFile; fileRef = 8411C3441D3F5A80003FC684 /* StoreSearchUITests.m */; };
		8411C3551D3F5B72003FC684 /* SearchViewController.m in Sources */ = {isa = PBXBuildFile; fileRef = 8411C3531D3F5B72003FC684 /* SearchViewController.m */; };
		84149BA61D49FB0F003EA82D /* Search.m in Sources */ = {isa = PBXBuildFile; fileRef = 84149BA51D49FB0F003EA82D /* Search.m */; };
		8416383B1D4CD88000208C2D /* DetailViewController~ipad.xib in Resources */ = {isa = PBXBuildFile; fileRef = 841638391D4CD88000208C2D /* DetailViewController~ipad.xib */; };
		841638411D4CF85A00208C2D /* MenuViewController.m in Sources */ = {isa = PBXBuildFile; fileRef = 841638401D4CF85A00208C2D /* MenuViewController.m */; };
		841B29421D4AFCAA008984A8 /* Localizable.strings in Resources */ = {isa = PBXBuildFile; fileRef = 841B29401D4AFCAA008984A8 /* Localizable.strings */; };
		842B4F531D447C8000D38036 /* GradientView.m in Sources */ = {isa = PBXBuildFile; fileRef = 842B4F521D447C8000D38036 /* GradientView.m */; };
		842B4F571D44AC7800D38036 /* LandscapeViewController.m in Sources */ = {isa = PBXBuildFile; fileRef = 842B4F551D44AC7800D38036 /* LandscapeViewController.m */; };
		84A2CC3C1D4A497700FD533C /* NothingFoundCell.xib in Resources */ = {isa = PBXBuildFile; fileRef = 84A2CC3E1D4A497700FD533C /* NothingFoundCell.xib */; };
		84A2CC411D4A4DC300FD533C /* LoadingCell.xib in Resources */ = {isa = PBXBuildFile; fileRef = 84A2CC431D4A4DC300FD533C /* LoadingCell.xib */; };
		84A2CC461D4A4EE600FD533C /* SearchViewController.xib in Resources */ = {isa = PBXBuildFile; fileRef = 84A2CC481D4A4EE600FD533C /* SearchViewController.xib */; };
		84A2CC4B1D4A4F9800FD533C /* DetailViewController.xib in Resources */ = {isa = PBXBuildFile; fileRef = 84A2CC4D1D4A4F9800FD533C /* DetailViewController.xib */; };
		84A2CC501D4A50A500FD533C /* SearchResultCell.xib in Resources */ = {isa = PBXBuildFile; fileRef = 84A2CC521D4A50A500FD533C /* SearchResultCell.xib */; };
		84A2CC531D4A50B500FD533C /* LandscapeViewController.xib in Resources */ = {isa = PBXBuildFile; fileRef = 84A2CC551D4A50B500FD533C /* LandscapeViewController.xib */; };
		84D3EEC81D4053F000A59172 /* SearchResultCell.m in Sources */ = {isa = PBXBuildFile; fileRef = 84D3EEC71D4053F000A59172 /* SearchResultCell.m */; };
		84DCEFF41D4D95C600550F02 /* MessageUI.framework in Frameworks */ = {isa = PBXBuildFile; fileRef = 84DCEFF31D4D95C600550F02 /* MessageUI.framework */; };
		84EEDC2D1D43127100FDC022 /* DetailViewController.m in Sources */ = {isa = PBXBuildFile; fileRef = 84EEDC2B1D43127100FDC022 /* DetailViewController.m */; };
		84F767C01D4B5E0500D6F1FE /* InfoPlist.strings in Resources */ = {isa = PBXBuildFile; fileRef = 84F767C21D4B5E0500D6F1FE /* InfoPlist.strings */; };
		A89DFEC1EC3B25368D7950DC /* libPods-StoreSearch.a in Frameworks */ = {isa = PBXBuildFile; fileRef = 1F7E489F0A923D56F57BB32B /* libPods-StoreSearch.a */; };
/* End PBXBuildFile section */

/* Begin PBXContainerItemProxy section */
		8411C3361D3F5A80003FC684 /* PBXContainerItemProxy */ = {
			isa = PBXContainerItemProxy;
			containerPortal = 8411C3141D3F5A80003FC684 /* Project object */;
			proxyType = 1;
			remoteGlobalIDString = 8411C31B1D3F5A80003FC684;
			remoteInfo = StoreSearch;
		};
		8411C3411D3F5A80003FC684 /* PBXContainerItemProxy */ = {
			isa = PBXContainerItemProxy;
			containerPortal = 8411C3141D3F5A80003FC684 /* Project object */;
			proxyType = 1;
			remoteGlobalIDString = 8411C31B1D3F5A80003FC684;
			remoteInfo = StoreSearch;
		};
/* End PBXContainerItemProxy section */

/* Begin PBXFileReference section */
		0F61E40609D61E2D0B03D4C2 /* Pods-StoreSearch.release.xcconfig */ = {isa = PBXFileReference; includeInIndex = 1; lastKnownFileType = text.xcconfig; name = "Pods-StoreSearch.release.xcconfig"; path = "Pods/Target Support Files/Pods-StoreSearch/Pods-StoreSearch.release.xcconfig"; sourceTree = "<group>"; };
		1F7E489F0A923D56F57BB32B /* libPods-StoreSearch.a */ = {isa = PBXFileReference; explicitFileType = archive.ar; includeInIndex = 0; path = "libPods-StoreSearch.a"; sourceTree = BUILT_PRODUCTS_DIR; };
		289758D93BBA69FACC4BDF6E /* libPods-StoreSearchUITests.a */ = {isa = PBXFileReference; explicitFileType = archive.ar; includeInIndex = 0; path = "libPods-StoreSearchUITests.a"; sourceTree = BUILT_PRODUCTS_DIR; };
		2B22A1E071AF415E0E573C0C /* Pods-StoreSearchUITests.release.xcconfig */ = {isa = PBXFileReference; includeInIndex = 1; lastKnownFileType = text.xcconfig; name = "Pods-StoreSearchUITests.release.xcconfig"; path = "Pods/Target Support Files/Pods-StoreSearchUITests/Pods-StoreSearchUITests.release.xcconfig"; sourceTree = "<group>"; };
		4C3DBE706FCA22AB087A0C9C /* Pods-StoreSearch.debug.xcconfig */ = {isa = PBXFileReference; includeInIndex = 1; lastKnownFileType = text.xcconfig; name = "Pods-StoreSearch.debug.xcconfig"; path = "Pods/Target Support Files/Pods-StoreSearch/Pods-StoreSearch.debug.xcconfig"; sourceTree = "<group>"; };
		84030FA41D3FBC5C00903C0E /* SearchResult.h */ = {isa = PBXFileReference; fileEncoding = 4; lastKnownFileType = sourcecode.c.h; path = SearchResult.h; sourceTree = "<group>"; };
		84030FA51D3FBC5C00903C0E /* SearchResult.m */ = {isa = PBXFileReference; fileEncoding = 4; lastKnownFileType = sourcecode.c.objc; path = SearchResult.m; sourceTree = "<group>"; };
		8411C31C1D3F5A80003FC684 /* StoreSearch.app */ = {isa = PBXFileReference; explicitFileType = wrapper.application; includeInIndex = 0; path = StoreSearch.app; sourceTree = BUILT_PRODUCTS_DIR; };
		8411C3201D3F5A80003FC684 /* main.m */ = {isa = PBXFileReference; lastKnownFileType = sourcecode.c.objc; path = main.m; sourceTree = "<group>"; };
		8411C3221D3F5A80003FC684 /* AppDelegate.h */ = {isa = PBXFileReference; lastKnownFileType = sourcecode.c.h; path = AppDelegate.h; sourceTree = "<group>"; };
		8411C3231D3F5A80003FC684 /* AppDelegate.m */ = {isa = PBXFileReference; lastKnownFileType = sourcecode.c.objc; path = AppDelegate.m; sourceTree = "<group>"; };
		8411C32B1D3F5A80003FC684 /* Assets.xcassets */ = {isa = PBXFileReference; lastKnownFileType = folder.assetcatalog; path = Assets.xcassets; sourceTree = "<group>"; };
		8411C32E1D3F5A80003FC684 /* Base */ = {isa = PBXFileReference; lastKnownFileType = file.storyboard; name = Base; path = Base.lproj/LaunchScreen.storyboard; sourceTree = "<group>"; };
		8411C3351D3F5A80003FC684 /* StoreSearchTests.xctest */ = {isa = PBXFileReference; explicitFileType = wrapper.cfbundle; includeInIndex = 0; path = StoreSearchTests.xctest; sourceTree = BUILT_PRODUCTS_DIR; };
		8411C3391D3F5A80003FC684 /* StoreSearchTests.m */ = {isa = PBXFileReference; lastKnownFileType = sourcecode.c.objc; path = StoreSearchTests.m; sourceTree = "<group>"; };
		8411C33B1D3F5A80003FC684 /* Info.plist */ = {isa = PBXFileReference; lastKnownFileType = text.plist.xml; path = Info.plist; sourceTree = "<group>"; };
		8411C3401D3F5A80003FC684 /* StoreSearchUITests.xctest */ = {isa = PBXFileReference; explicitFileType = wrapper.cfbundle; includeInIndex = 0; path = StoreSearchUITests.xctest; sourceTree = BUILT_PRODUCTS_DIR; };
		8411C3441D3F5A80003FC684 /* StoreSearchUITests.m */ = {isa = PBXFileReference; lastKnownFileType = sourcecode.c.objc; path = StoreSearchUITests.m; sourceTree = "<group>"; };
		8411C3461D3F5A80003FC684 /* Info.plist */ = {isa = PBXFileReference; lastKnownFileType = text.plist.xml; path = Info.plist; sourceTree = "<group>"; };
		8411C3521D3F5B72003FC684 /* SearchViewController.h */ = {isa = PBXFileReference; fileEncoding = 4; lastKnownFileType = sourcecode.c.h; path = SearchViewController.h; sourceTree = "<group>"; };
		8411C3531D3F5B72003FC684 /* SearchViewController.m */ = {isa = PBXFileReference; fileEncoding = 4; lastKnownFileType = sourcecode.c.objc; path = SearchViewController.m; sourceTree = "<group>"; };
		84149BA41D49FB0F003EA82D /* Search.h */ = {isa = PBXFileReference; fileEncoding = 4; lastKnownFileType = sourcecode.c.h; path = Search.h; sourceTree = "<group>"; };
		84149BA51D49FB0F003EA82D /* Search.m */ = {isa = PBXFileReference; fileEncoding = 4; lastKnownFileType = sourcecode.c.objc; path = Search.m; sourceTree = "<group>"; };
		8416383A1D4CD88000208C2D /* Base */ = {isa = PBXFileReference; lastKnownFileType = file.xib; name = Base; path = "Base.lproj/DetailViewController~ipad.xib"; sourceTree = "<group>"; };
		8416383E1D4CF57900208C2D /* nl */ = {isa = PBXFileReference; lastKnownFileType = file.xib; name = nl; path = "nl.lproj/DetailViewController~ipad.xib"; sourceTree = "<group>"; };
		8416383F1D4CF85A00208C2D /* MenuViewController.h */ = {isa = PBXFileReference; fileEncoding = 4; lastKnownFileType = sourcecode.c.h; path = MenuViewController.h; sourceTree = "<group>"; };
		841638401D4CF85A00208C2D /* MenuViewController.m */ = {isa = PBXFileReference; fileEncoding = 4; lastKnownFileType = sourcecode.c.objc; path = MenuViewController.m; sourceTree = "<group>"; };
		841B29411D4AFCAA008984A8 /* Base */ = {isa = PBXFileReference; lastKnownFileType = text.plist.strings; name = Base; path = Base.lproj/Localizable.strings; sourceTree = "<group>"; };
		841B29431D4AFD38008984A8 /* nl */ = {isa = PBXFileReference; lastKnownFileType = text.plist.strings; name = nl; path = nl.lproj/Localizable.strings; sourceTree = "<group>"; };
		842B4F511D447C8000D38036 /* GradientView.h */ = {isa = PBXFileReference; fileEncoding = 4; lastKnownFileType = sourcecode.c.h; path = GradientView.h; sourceTree = "<group>"; };
		842B4F521D447C8000D38036 /* GradientView.m */ = {isa = PBXFileReference; fileEncoding = 4; lastKnownFileType = sourcecode.c.objc; path = GradientView.m; sourceTree = "<group>"; };
		842B4F541D44AC7800D38036 /* LandscapeViewController.h */ = {isa = PBXFileReference; fileEncoding = 4; lastKnownFileType = sourcecode.c.h; path = LandscapeViewController.h; sourceTree = "<group>"; };
		842B4F551D44AC7800D38036 /* LandscapeViewController.m */ = {isa = PBXFileReference; fileEncoding = 4; lastKnownFileType = sourcecode.c.objc; path = LandscapeViewController.m; sourceTree = "<group>"; };
		84A2CC3D1D4A497700FD533C /* Base */ = {isa = PBXFileReference; lastKnownFileType = file.xib; name = Base; path = Base.lproj/NothingFoundCell.xib; sourceTree = "<group>"; };
		84A2CC401D4A4A7600FD533C /* nl */ = {isa = PBXFileReference; lastKnownFileType = file.xib; name = nl; path = nl.lproj/NothingFoundCell.xib; sourceTree = "<group>"; };
		84A2CC421D4A4DC300FD533C /* Base */ = {isa = PBXFileReference; lastKnownFileType = file.xib; name = Base; path = Base.lproj/LoadingCell.xib; sourceTree = "<group>"; };
		84A2CC451D4A4DDC00FD533C /* nl */ = {isa = PBXFileReference; lastKnownFileType = text.plist.strings; name = nl; path = nl.lproj/LoadingCell.strings; sourceTree = "<group>"; };
		84A2CC471D4A4EE600FD533C /* Base */ = {isa = PBXFileReference; lastKnownFileType = file.xib; name = Base; path = Base.lproj/SearchViewController.xib; sourceTree = "<group>"; };
		84A2CC4A1D4A4EE700FD533C /* nl */ = {isa = PBXFileReference; lastKnownFileType = text.plist.strings; name = nl; path = nl.lproj/SearchViewController.strings; sourceTree = "<group>"; };
		84A2CC4C1D4A4F9800FD533C /* Base */ = {isa = PBXFileReference; lastKnownFileType = file.xib; name = Base; path = Base.lproj/DetailViewController.xib; sourceTree = "<group>"; };
		84A2CC4F1D4A4F9E00FD533C /* nl */ = {isa = PBXFileReference; lastKnownFileType = text.plist.strings; name = nl; path = nl.lproj/DetailViewController.strings; sourceTree = "<group>"; };
		84A2CC511D4A50A500FD533C /* Base */ = {isa = PBXFileReference; lastKnownFileType = file.xib; name = Base; path = Base.lproj/SearchResultCell.xib; sourceTree = "<group>"; };
		84A2CC541D4A50B500FD533C /* Base */ = {isa = PBXFileReference; lastKnownFileType = file.xib; name = Base; path = Base.lproj/LandscapeViewController.xib; sourceTree = "<group>"; };
		84D3EEC61D4053F000A59172 /* SearchResultCell.h */ = {isa = PBXFileReference; fileEncoding = 4; lastKnownFileType = sourcecode.c.h; path = SearchResultCell.h; sourceTree = "<group>"; };
		84D3EEC71D4053F000A59172 /* SearchResultCell.m */ = {isa = PBXFileReference; fileEncoding = 4; lastKnownFileType = sourcecode.c.objc; path = SearchResultCell.m; sourceTree = "<group>"; };
		84DCEFF31D4D95C600550F02 /* MessageUI.framework */ = {isa = PBXFileReference; lastKnownFileType = wrapper.framework; name = MessageUI.framework; path = System/Library/Frameworks/MessageUI.framework; sourceTree = SDKROOT; };
		84EEDC2A1D43127100FDC022 /* DetailViewController.h */ = {isa = PBXFileReference; fileEncoding = 4; lastKnownFileType = sourcecode.c.h; path = DetailViewController.h; sourceTree = "<group>"; };
		84EEDC2B1D43127100FDC022 /* DetailViewController.m */ = {isa = PBXFileReference; fileEncoding = 4; lastKnownFileType = sourcecode.c.objc; path = DetailViewController.m; sourceTree = "<group>"; };
		84F767BC1D4B5D8200D6F1FE /* Info.plist */ = {isa = PBXFileReference; fileEncoding = 4; lastKnownFileType = text.plist.xml; path = Info.plist; sourceTree = "<group>"; };
		84F767C11D4B5E0500D6F1FE /* nl */ = {isa = PBXFileReference; lastKnownFileType = text.plist.strings; name = nl; path = nl.lproj/InfoPlist.strings; sourceTree = "<group>"; };
		84F767C31D4B5E6F00D6F1FE /* Base */ = {isa = PBXFileReference; lastKnownFileType = text.plist.strings; name = Base; path = Base.lproj/InfoPlist.strings; sourceTree = "<group>"; };
		91849E73D3AD9B5D579071FB /* Pods-StoreSearchTests.debug.xcconfig */ = {isa = PBXFileReference; includeInIndex = 1; lastKnownFileType = text.xcconfig; name = "Pods-StoreSearchTests.debug.xcconfig"; path = "Pods/Target Support Files/Pods-StoreSearchTests/Pods-StoreSearchTests.debug.xcconfig"; sourceTree = "<group>"; };
		9B9F4CF30EC42FC046A3E430 /* Pods-StoreSearchUITests.debug.xcconfig */ = {isa = PBXFileReference; includeInIndex = 1; lastKnownFileType = text.xcconfig; name = "Pods-StoreSearchUITests.debug.xcconfig"; path = "Pods/Target Support Files/Pods-StoreSearchUITests/Pods-StoreSearchUITests.debug.xcconfig"; sourceTree = "<group>"; };
		CA99DE71087EE2F7E0EE50AC /* Pods-StoreSearchTests.release.xcconfig */ = {isa = PBXFileReference; includeInIndex = 1; lastKnownFileType = text.xcconfig; name = "Pods-StoreSearchTests.release.xcconfig"; path = "Pods/Target Support Files/Pods-StoreSearchTests/Pods-StoreSearchTests.release.xcconfig"; sourceTree = "<group>"; };
		FDAD1B2B023BB5947F344CC6 /* libPods-StoreSearchTests.a */ = {isa = PBXFileReference; explicitFileType = archive.ar; includeInIndex = 0; path = "libPods-StoreSearchTests.a"; sourceTree = BUILT_PRODUCTS_DIR; };
/* End PBXFileReference section */

/* Begin PBXFrameworksBuildPhase section */
		8411C3191D3F5A80003FC684 /* Frameworks */ = {
			isa = PBXFrameworksBuildPhase;
			buildActionMask = 2147483647;
			files = (
				84DCEFF41D4D95C600550F02 /* MessageUI.framework in Frameworks */,
				A89DFEC1EC3B25368D7950DC /* libPods-StoreSearch.a in Frameworks */,
			);
			runOnlyForDeploymentPostprocessing = 0;
		};
		8411C3321D3F5A80003FC684 /* Frameworks */ = {
			isa = PBXFrameworksBuildPhase;
			buildActionMask = 2147483647;
			files = (
				143E9A660E974D8CBFE5DB8C /* libPods-StoreSearchTests.a in Frameworks */,
			);
			runOnlyForDeploymentPostprocessing = 0;
		};
		8411C33D1D3F5A80003FC684 /* Frameworks */ = {
			isa = PBXFrameworksBuildPhase;
			buildActionMask = 2147483647;
			files = (
				18E8F11F7F507B47810833F4 /* libPods-StoreSearchUITests.a in Frameworks */,
			);
			runOnlyForDeploymentPostprocessing = 0;
		};
/* End PBXFrameworksBuildPhase section */

/* Begin PBXGroup section */
		8411C3131D3F5A80003FC684 = {
			isa = PBXGroup;
			children = (
				8411C31E1D3F5A80003FC684 /* StoreSearch */,
				8411C3381D3F5A80003FC684 /* StoreSearchTests */,
				8411C3431D3F5A80003FC684 /* StoreSearchUITests */,
				8411C31D1D3F5A80003FC684 /* Products */,
				DB2A8B18E8FE08FA603FA498 /* Pods */,
				D59F0BF1523A947F532FB1C6 /* Frameworks */,
			);
			sourceTree = "<group>";
		};
		8411C31D1D3F5A80003FC684 /* Products */ = {
			isa = PBXGroup;
			children = (
				8411C31C1D3F5A80003FC684 /* StoreSearch.app */,
				8411C3351D3F5A80003FC684 /* StoreSearchTests.xctest */,
				8411C3401D3F5A80003FC684 /* StoreSearchUITests.xctest */,
			);
			name = Products;
			sourceTree = "<group>";
		};
		8411C31E1D3F5A80003FC684 /* StoreSearch */ = {
			isa = PBXGroup;
			children = (
				8411C3221D3F5A80003FC684 /* AppDelegate.h */,
				8411C3231D3F5A80003FC684 /* AppDelegate.m */,
				8411C32B1D3F5A80003FC684 /* Assets.xcassets */,
				8411C32D1D3F5A80003FC684 /* LaunchScreen.storyboard */,
				84F767BC1D4B5D8200D6F1FE /* Info.plist */,
				84F767C21D4B5E0500D6F1FE /* InfoPlist.strings */,
				8411C3521D3F5B72003FC684 /* SearchViewController.h */,
				8411C3531D3F5B72003FC684 /* SearchViewController.m */,
				84A2CC481D4A4EE600FD533C /* SearchViewController.xib */,
				84030FA41D3FBC5C00903C0E /* SearchResult.h */,
				84030FA51D3FBC5C00903C0E /* SearchResult.m */,
				84A2CC521D4A50A500FD533C /* SearchResultCell.xib */,
				84D3EEC61D4053F000A59172 /* SearchResultCell.h */,
				84D3EEC71D4053F000A59172 /* SearchResultCell.m */,
				84A2CC3E1D4A497700FD533C /* NothingFoundCell.xib */,
				84A2CC431D4A4DC300FD533C /* LoadingCell.xib */,
				84EEDC2A1D43127100FDC022 /* DetailViewController.h */,
				84EEDC2B1D43127100FDC022 /* DetailViewController.m */,
				84A2CC4D1D4A4F9800FD533C /* DetailViewController.xib */,
				841638391D4CD88000208C2D /* DetailViewController~ipad.xib */,
				842B4F511D447C8000D38036 /* GradientView.h */,
				842B4F521D447C8000D38036 /* GradientView.m */,
				842B4F541D44AC7800D38036 /* LandscapeViewController.h */,
				842B4F551D44AC7800D38036 /* LandscapeViewController.m */,
				84A2CC551D4A50B500FD533C /* LandscapeViewController.xib */,
				84149BA41D49FB0F003EA82D /* Search.h */,
				84149BA51D49FB0F003EA82D /* Search.m */,
				8416383F1D4CF85A00208C2D /* MenuViewController.h */,
				841638401D4CF85A00208C2D /* MenuViewController.m */,
				8411C31F1D3F5A80003FC684 /* Supporting Files */,
			);
			path = StoreSearch;
			sourceTree = "<group>";
		};
		8411C31F1D3F5A80003FC684 /* Supporting Files */ = {
			isa = PBXGroup;
			children = (
				841B29401D4AFCAA008984A8 /* Localizable.strings */,
				8411C3201D3F5A80003FC684 /* main.m */,
			);
			name = "Supporting Files";
			sourceTree = "<group>";
		};
		8411C3381D3F5A80003FC684 /* StoreSearchTests */ = {
			isa = PBXGroup;
			children = (
				8411C3391D3F5A80003FC684 /* StoreSearchTests.m */,
				8411C33B1D3F5A80003FC684 /* Info.plist */,
			);
			path = StoreSearchTests;
			sourceTree = "<group>";
		};
		8411C3431D3F5A80003FC684 /* StoreSearchUITests */ = {
			isa = PBXGroup;
			children = (
				8411C3441D3F5A80003FC684 /* StoreSearchUITests.m */,
				8411C3461D3F5A80003FC684 /* Info.plist */,
			);
			path = StoreSearchUITests;
			sourceTree = "<group>";
		};
		D59F0BF1523A947F532FB1C6 /* Frameworks */ = {
			isa = PBXGroup;
			children = (
				84DCEFF31D4D95C600550F02 /* MessageUI.framework */,
				1F7E489F0A923D56F57BB32B /* libPods-StoreSearch.a */,
				FDAD1B2B023BB5947F344CC6 /* libPods-StoreSearchTests.a */,
				289758D93BBA69FACC4BDF6E /* libPods-StoreSearchUITests.a */,
			);
			name = Frameworks;
			sourceTree = "<group>";
		};
		DB2A8B18E8FE08FA603FA498 /* Pods */ = {
			isa = PBXGroup;
			children = (
				4C3DBE706FCA22AB087A0C9C /* Pods-StoreSearch.debug.xcconfig */,
				0F61E40609D61E2D0B03D4C2 /* Pods-StoreSearch.release.xcconfig */,
				91849E73D3AD9B5D579071FB /* Pods-StoreSearchTests.debug.xcconfig */,
				CA99DE71087EE2F7E0EE50AC /* Pods-StoreSearchTests.release.xcconfig */,
				9B9F4CF30EC42FC046A3E430 /* Pods-StoreSearchUITests.debug.xcconfig */,
				2B22A1E071AF415E0E573C0C /* Pods-StoreSearchUITests.release.xcconfig */,
			);
			name = Pods;
			sourceTree = "<group>";
		};
/* End PBXGroup section */

/* Begin PBXNativeTarget section */
		8411C31B1D3F5A80003FC684 /* StoreSearch */ = {
			isa = PBXNativeTarget;
			buildConfigurationList = 8411C3491D3F5A80003FC684 /* Build configuration list for PBXNativeTarget "StoreSearch" */;
			buildPhases = (
				A6991708D5EB3E9D0C9BFB13 /* [CP] Check Pods Manifest.lock */,
				8411C3181D3F5A80003FC684 /* Sources */,
				8411C3191D3F5A80003FC684 /* Frameworks */,
				8411C31A1D3F5A80003FC684 /* Resources */,
				D3418400D494045817042319 /* [CP] Embed Pods Frameworks */,
				C32CD5AA87B0EB905CBAEB0E /* [CP] Copy Pods Resources */,
			);
			buildRules = (
			);
			dependencies = (
			);
			name = StoreSearch;
			productName = StoreSearch;
			productReference = 8411C31C1D3F5A80003FC684 /* StoreSearch.app */;
			productType = "com.apple.product-type.application";
		};
		8411C3341D3F5A80003FC684 /* StoreSearchTests */ = {
			isa = PBXNativeTarget;
			buildConfigurationList = 8411C34C1D3F5A80003FC684 /* Build configuration list for PBXNativeTarget "StoreSearchTests" */;
			buildPhases = (
				B989522D0CAA33A977139A18 /* [CP] Check Pods Manifest.lock */,
				8411C3311D3F5A80003FC684 /* Sources */,
				8411C3321D3F5A80003FC684 /* Frameworks */,
				8411C3331D3F5A80003FC684 /* Resources */,
				428E990127213905BFC7DFD1 /* [CP] Embed Pods Frameworks */,
				674A9D9138ABDDBCF176AA72 /* [CP] Copy Pods Resources */,
			);
			buildRules = (
			);
			dependencies = (
				8411C3371D3F5A80003FC684 /* PBXTargetDependency */,
			);
			name = StoreSearchTests;
			productName = StoreSearchTests;
			productReference = 8411C3351D3F5A80003FC684 /* StoreSearchTests.xctest */;
			productType = "com.apple.product-type.bundle.unit-test";
		};
		8411C33F1D3F5A80003FC684 /* StoreSearchUITests */ = {
			isa = PBXNativeTarget;
			buildConfigurationList = 8411C34F1D3F5A80003FC684 /* Build configuration list for PBXNativeTarget "StoreSearchUITests" */;
			buildPhases = (
				5119B9A894B9EDEB3C793DFE /* [CP] Check Pods Manifest.lock */,
				8411C33C1D3F5A80003FC684 /* Sources */,
				8411C33D1D3F5A80003FC684 /* Frameworks */,
				8411C33E1D3F5A80003FC684 /* Resources */,
				F57C7A530DC0A17B50888043 /* [CP] Copy Pods Resources */,
			);
			buildRules = (
			);
			dependencies = (
				8411C3421D3F5A80003FC684 /* PBXTargetDependency */,
			);
			name = StoreSearchUITests;
			productName = StoreSearchUITests;
			productReference = 8411C3401D3F5A80003FC684 /* StoreSearchUITests.xctest */;
			productType = "com.apple.product-type.bundle.ui-testing";
		};
/* End PBXNativeTarget section */

/* Begin PBXProject section */
		8411C3141D3F5A80003FC684 /* Project object */ = {
			isa = PBXProject;
			attributes = {
				LastUpgradeCheck = 0730;
				ORGANIZATIONNAME = XuDeHong;
				TargetAttributes = {
					8411C31B1D3F5A80003FC684 = {
						CreatedOnToolsVersion = 7.3.1;
						DevelopmentTeam = TTY47Y3GT3;
					};
					8411C3341D3F5A80003FC684 = {
						CreatedOnToolsVersion = 7.3.1;
						DevelopmentTeam = TTY47Y3GT3;
						TestTargetID = 8411C31B1D3F5A80003FC684;
					};
					8411C33F1D3F5A80003FC684 = {
						CreatedOnToolsVersion = 7.3.1;
						DevelopmentTeam = TTY47Y3GT3;
						TestTargetID = 8411C31B1D3F5A80003FC684;
					};
				};
			};
			buildConfigurationList = 8411C3171D3F5A80003FC684 /* Build configuration list for PBXProject "StoreSearch" */;
			compatibilityVersion = "Xcode 3.2";
			developmentRegion = English;
			hasScannedForEncodings = 0;
			knownRegions = (
				en,
				Base,
				nl,
			);
			mainGroup = 8411C3131D3F5A80003FC684;
			productRefGroup = 8411C31D1D3F5A80003FC684 /* Products */;
			projectDirPath = "";
			projectRoot = "";
			targets = (
				8411C31B1D3F5A80003FC684 /* StoreSearch */,
				8411C3341D3F5A80003FC684 /* StoreSearchTests */,
				8411C33F1D3F5A80003FC684 /* StoreSearchUITests */,
			);
		};
/* End PBXProject section */

/* Begin PBXResourcesBuildPhase section */
		8411C31A1D3F5A80003FC684 /* Resources */ = {
			isa = PBXResourcesBuildPhase;
			buildActionMask = 2147483647;
			files = (
				8411C32F1D3F5A80003FC684 /* LaunchScreen.storyboard in Resources */,
				84A2CC531D4A50B500FD533C /* LandscapeViewController.xib in Resources */,
				8411C32C1D3F5A80003FC684 /* Assets.xcassets in Resources */,
				84A2CC4B1D4A4F9800FD533C /* DetailViewController.xib in Resources */,
				8416383B1D4CD88000208C2D /* DetailViewController~ipad.xib in Resources */,
				841B29421D4AFCAA008984A8 /* Localizable.strings in Resources */,
				84A2CC411D4A4DC300FD533C /* LoadingCell.xib in Resources */,
				84A2CC501D4A50A500FD533C /* SearchResultCell.xib in Resources */,
				84A2CC3C1D4A497700FD533C /* NothingFoundCell.xib in Resources */,
				84F767C01D4B5E0500D6F1FE /* InfoPlist.strings in Resources */,
				84A2CC461D4A4EE600FD533C /* SearchViewController.xib in Resources */,
			);
			runOnlyForDeploymentPostprocessing = 0;
		};
		8411C3331D3F5A80003FC684 /* Resources */ = {
			isa = PBXResourcesBuildPhase;
			buildActionMask = 2147483647;
			files = (
			);
			runOnlyForDeploymentPostprocessing = 0;
		};
		8411C33E1D3F5A80003FC684 /* Resources */ = {
			isa = PBXResourcesBuildPhase;
			buildActionMask = 2147483647;
			files = (
			);
			runOnlyForDeploymentPostprocessing = 0;
		};
/* End PBXResourcesBuildPhase section */

/* Begin PBXShellScriptBuildPhase section */
		428E990127213905BFC7DFD1 /* [CP] Embed Pods Frameworks */ = {
			isa = PBXShellScriptBuildPhase;
			buildActionMask = 2147483647;
			files = (
			);
			inputPaths = (
			);
			name = "[CP] Embed Pods Frameworks";
			outputPaths = (
			);
			runOnlyForDeploymentPostprocessing = 0;
			shellPath = /bin/sh;
			shellScript = "\"${SRCROOT}/Pods/Target Support Files/Pods-StoreSearchTests/Pods-StoreSearchTests-frameworks.sh\"\n";
			showEnvVarsInLog = 0;
		};
		5119B9A894B9EDEB3C793DFE /* [CP] Check Pods Manifest.lock */ = {
			isa = PBXShellScriptBuildPhase;
			buildActionMask = 2147483647;
			files = (
			);
			inputPaths = (
			);
			name = "[CP] Check Pods Manifest.lock";
			outputPaths = (
			);
			runOnlyForDeploymentPostprocessing = 0;
			shellPath = /bin/sh;
			shellScript = "diff \"${PODS_ROOT}/../Podfile.lock\" \"${PODS_ROOT}/Manifest.lock\" > /dev/null\nif [[ $? != 0 ]] ; then\n    cat << EOM\nerror: The sandbox is not in sync with the Podfile.lock. Run 'pod install' or update your CocoaPods installation.\nEOM\n    exit 1\nfi\n";
			showEnvVarsInLog = 0;
		};
		674A9D9138ABDDBCF176AA72 /* [CP] Copy Pods Resources */ = {
			isa = PBXShellScriptBuildPhase;
			buildActionMask = 2147483647;
			files = (
			);
			inputPaths = (
			);
			name = "[CP] Copy Pods Resources";
			outputPaths = (
			);
			runOnlyForDeploymentPostprocessing = 0;
			shellPath = /bin/sh;
			shellScript = "\"${SRCROOT}/Pods/Target Support Files/Pods-StoreSearchTests/Pods-StoreSearchTests-resources.sh\"\n";
			showEnvVarsInLog = 0;
		};
		A6991708D5EB3E9D0C9BFB13 /* [CP] Check Pods Manifest.lock */ = {
			isa = PBXShellScriptBuildPhase;
			buildActionMask = 2147483647;
			files = (
			);
			inputPaths = (
			);
			name = "[CP] Check Pods Manifest.lock";
			outputPaths = (
			);
			runOnlyForDeploymentPostprocessing = 0;
			shellPath = /bin/sh;
			shellScript = "diff \"${PODS_ROOT}/../Podfile.lock\" \"${PODS_ROOT}/Manifest.lock\" > /dev/null\nif [[ $? != 0 ]] ; then\n    cat << EOM\nerror: The sandbox is not in sync with the Podfile.lock. Run 'pod install' or update your CocoaPods installation.\nEOM\n    exit 1\nfi\n";
			showEnvVarsInLog = 0;
		};
		B989522D0CAA33A977139A18 /* [CP] Check Pods Manifest.lock */ = {
			isa = PBXShellScriptBuildPhase;
			buildActionMask = 2147483647;
			files = (
			);
			inputPaths = (
			);
			name = "[CP] Check Pods Manifest.lock";
			outputPaths = (
			);
			runOnlyForDeploymentPostprocessing = 0;
			shellPath = /bin/sh;
			shellScript = "diff \"${PODS_ROOT}/../Podfile.lock\" \"${PODS_ROOT}/Manifest.lock\" > /dev/null\nif [[ $? != 0 ]] ; then\n    cat << EOM\nerror: The sandbox is not in sync with the Podfile.lock. Run 'pod install' or update your CocoaPods installation.\nEOM\n    exit 1\nfi\n";
			showEnvVarsInLog = 0;
		};
		C32CD5AA87B0EB905CBAEB0E /* [CP] Copy Pods Resources */ = {
			isa = PBXShellScriptBuildPhase;
			buildActionMask = 2147483647;
			files = (
			);
			inputPaths = (
			);
			name = "[CP] Copy Pods Resources";
			outputPaths = (
			);
			runOnlyForDeploymentPostprocessing = 0;
			shellPath = /bin/sh;
			shellScript = "\"${SRCROOT}/Pods/Target Support Files/Pods-StoreSearch/Pods-StoreSearch-resources.sh\"\n";
			showEnvVarsInLog = 0;
		};
		D3418400D494045817042319 /* [CP] Embed Pods Frameworks */ = {
			isa = PBXShellScriptBuildPhase;
			buildActionMask = 2147483647;
			files = (
			);
			inputPaths = (
			);
			name = "[CP] Embed Pods Frameworks";
			outputPaths = (
			);
			runOnlyForDeploymentPostprocessing = 0;
			shellPath = /bin/sh;
			shellScript = "\"${SRCROOT}/Pods/Target Support Files/Pods-StoreSearch/Pods-StoreSearch-frameworks.sh\"\n";
			showEnvVarsInLog = 0;
		};
		F57C7A530DC0A17B50888043 /* [CP] Copy Pods Resources */ = {
			isa = PBXShellScriptBuildPhase;
			buildActionMask = 2147483647;
			files = (
			);
			inputPaths = (
			);
			name = "[CP] Copy Pods Resources";
			outputPaths = (
			);
			runOnlyForDeploymentPostprocessing = 0;
			shellPath = /bin/sh;
			shellScript = "\"${SRCROOT}/Pods/Target Support Files/Pods-StoreSearchUITests/Pods-StoreSearchUITests-resources.sh\"\n";
			showEnvVarsInLog = 0;
		};
/* End PBXShellScriptBuildPhase section */

/* Begin PBXSourcesBuildPhase section */
		8411C3181D3F5A80003FC684 /* Sources */ = {
			isa = PBXSourcesBuildPhase;
			buildActionMask = 2147483647;
			files = (
				84149BA61D49FB0F003EA82D /* Search.m in Sources */,
				8411C3241D3F5A80003FC684 /* AppDelegate.m in Sources */,
				842B4F571D44AC7800D38036 /* LandscapeViewController.m in Sources */,
				8411C3551D3F5B72003FC684 /* SearchViewController.m in Sources */,
				84D3EEC81D4053F000A59172 /* SearchResultCell.m in Sources */,
				84030FA61D3FBC5C00903C0E /* SearchResult.m in Sources */,
				8411C3211D3F5A80003FC684 /* main.m in Sources */,
				842B4F531D447C8000D38036 /* GradientView.m in Sources */,
				84EEDC2D1D43127100FDC022 /* DetailViewController.m in Sources */,
				841638411D4CF85A00208C2D /* MenuViewController.m in Sources */,
			);
			runOnlyForDeploymentPostprocessing = 0;
		};
		8411C3311D3F5A80003FC684 /* Sources */ = {
			isa = PBXSourcesBuildPhase;
			buildActionMask = 2147483647;
			files = (
				8411C33A1D3F5A80003FC684 /* StoreSearchTests.m in Sources */,
			);
			runOnlyForDeploymentPostprocessing = 0;
		};
		8411C33C1D3F5A80003FC684 /* Sources */ = {
			isa = PBXSourcesBuildPhase;
			buildActionMask = 2147483647;
			files = (
				8411C3451D3F5A80003FC684 /* StoreSearchUITests.m in Sources */,
			);
			runOnlyForDeploymentPostprocessing = 0;
		};
/* End PBXSourcesBuildPhase section */

/* Begin PBXTargetDependency section */
		8411C3371D3F5A80003FC684 /* PBXTargetDependency */ = {
			isa = PBXTargetDependency;
			target = 8411C31B1D3F5A80003FC684 /* StoreSearch */;
			targetProxy = 8411C3361D3F5A80003FC684 /* PBXContainerItemProxy */;
		};
		8411C3421D3F5A80003FC684 /* PBXTargetDependency */ = {
			isa = PBXTargetDependency;
			target = 8411C31B1D3F5A80003FC684 /* StoreSearch */;
			targetProxy = 8411C3411D3F5A80003FC684 /* PBXContainerItemProxy */;
		};
/* End PBXTargetDependency section */

/* Begin PBXVariantGroup section */
		8411C32D1D3F5A80003FC684 /* LaunchScreen.storyboard */ = {
			isa = PBXVariantGroup;
			children = (
				8411C32E1D3F5A80003FC684 /* Base */,
			);
			name = LaunchScreen.storyboard;
			sourceTree = "<group>";
		};
		841638391D4CD88000208C2D /* DetailViewController~ipad.xib */ = {
			isa = PBXVariantGroup;
			children = (
				8416383A1D4CD88000208C2D /* Base */,
				8416383E1D4CF57900208C2D /* nl */,
			);
			name = "DetailViewController~ipad.xib";
			sourceTree = "<group>";
		};
		841B29401D4AFCAA008984A8 /* Localizable.strings */ = {
			isa = PBXVariantGroup;
			children = (
				841B29411D4AFCAA008984A8 /* Base */,
				841B29431D4AFD38008984A8 /* nl */,
			);
			name = Localizable.strings;
			sourceTree = "<group>";
		};
		84A2CC3E1D4A497700FD533C /* NothingFoundCell.xib */ = {
			isa = PBXVariantGroup;
			children = (
				84A2CC3D1D4A497700FD533C /* Base */,
				84A2CC401D4A4A7600FD533C /* nl */,
			);
			name = NothingFoundCell.xib;
			sourceTree = "<group>";
		};
		84A2CC431D4A4DC300FD533C /* LoadingCell.xib */ = {
			isa = PBXVariantGroup;
			children = (
				84A2CC421D4A4DC300FD533C /* Base */,
				84A2CC451D4A4DDC00FD533C /* nl */,
			);
			name = LoadingCell.xib;
			sourceTree = "<group>";
		};
		84A2CC481D4A4EE600FD533C /* SearchViewController.xib */ = {
			isa = PBXVariantGroup;
			children = (
				84A2CC471D4A4EE600FD533C /* Base */,
				84A2CC4A1D4A4EE700FD533C /* nl */,
			);
			name = SearchViewController.xib;
			sourceTree = "<group>";
		};
		84A2CC4D1D4A4F9800FD533C /* DetailViewController.xib */ = {
			isa = PBXVariantGroup;
			children = (
				84A2CC4C1D4A4F9800FD533C /* Base */,
				84A2CC4F1D4A4F9E00FD533C /* nl */,
			);
			name = DetailViewController.xib;
			sourceTree = "<group>";
		};
		84A2CC521D4A50A500FD533C /* SearchResultCell.xib */ = {
			isa = PBXVariantGroup;
			children = (
				84A2CC511D4A50A500FD533C /* Base */,
			);
			name = SearchResultCell.xib;
			sourceTree = "<group>";
		};
		84A2CC551D4A50B500FD533C /* LandscapeViewController.xib */ = {
			isa = PBXVariantGroup;
			children = (
				84A2CC541D4A50B500FD533C /* Base */,
			);
			name = LandscapeViewController.xib;
			sourceTree = "<group>";
		};
		84F767C21D4B5E0500D6F1FE /* InfoPlist.strings */ = {
			isa = PBXVariantGroup;
			children = (
				84F767C11D4B5E0500D6F1FE /* nl */,
				84F767C31D4B5E6F00D6F1FE /* Base */,
			);
			name = InfoPlist.strings;
			sourceTree = "<group>";
		};
/* End PBXVariantGroup section */

/* Begin XCBuildConfiguration section */
		8411C3471D3F5A80003FC684 /* Debug */ = {
			isa = XCBuildConfiguration;
			buildSettings = {
				ALWAYS_SEARCH_USER_PATHS = NO;
				CLANG_ANALYZER_NONNULL = YES;
				CLANG_CXX_LANGUAGE_STANDARD = "gnu++0x";
				CLANG_CXX_LIBRARY = "libc++";
				CLANG_ENABLE_MODULES = YES;
				CLANG_ENABLE_OBJC_ARC = YES;
				CLANG_WARN_BOOL_CONVERSION = YES;
				CLANG_WARN_CONSTANT_CONVERSION = YES;
				CLANG_WARN_DIRECT_OBJC_ISA_USAGE = YES_ERROR;
				CLANG_WARN_EMPTY_BODY = YES;
				CLANG_WARN_ENUM_CONVERSION = YES;
				CLANG_WARN_INT_CONVERSION = YES;
				CLANG_WARN_OBJC_ROOT_CLASS = YES_ERROR;
				CLANG_WARN_UNREACHABLE_CODE = YES;
				CLANG_WARN__DUPLICATE_METHOD_MATCH = YES;
				"CODE_SIGN_IDENTITY[sdk=iphoneos*]" = "iPhone Developer";
				COPY_PHASE_STRIP = NO;
				DEBUG_INFORMATION_FORMAT = dwarf;
				ENABLE_STRICT_OBJC_MSGSEND = YES;
				ENABLE_TESTABILITY = YES;
				GCC_C_LANGUAGE_STANDARD = gnu99;
				GCC_DYNAMIC_NO_PIC = NO;
				GCC_NO_COMMON_BLOCKS = YES;
				GCC_OPTIMIZATION_LEVEL = 0;
				GCC_PREPROCESSOR_DEFINITIONS = (
					"DEBUG=1",
					"$(inherited)",
				);
				GCC_WARN_64_TO_32_BIT_CONVERSION = YES;
				GCC_WARN_ABOUT_RETURN_TYPE = YES_ERROR;
				GCC_WARN_UNDECLARED_SELECTOR = YES;
				GCC_WARN_UNINITIALIZED_AUTOS = YES_AGGRESSIVE;
				GCC_WARN_UNUSED_FUNCTION = YES;
				GCC_WARN_UNUSED_VARIABLE = YES;
				IPHONEOS_DEPLOYMENT_TARGET = 9.3;
				MTL_ENABLE_DEBUG_INFO = YES;
				ONLY_ACTIVE_ARCH = YES;
				SDKROOT = iphoneos;
			};
			name = Debug;
		};
		8411C3481D3F5A80003FC684 /* Release */ = {
			isa = XCBuildConfiguration;
			buildSettings = {
				ALWAYS_SEARCH_USER_PATHS = NO;
				CLANG_ANALYZER_NONNULL = YES;
				CLANG_CXX_LANGUAGE_STANDARD = "gnu++0x";
				CLANG_CXX_LIBRARY = "libc++";
				CLANG_ENABLE_MODULES = YES;
				CLANG_ENABLE_OBJC_ARC = YES;
				CLANG_WARN_BOOL_CONVERSION = YES;
				CLANG_WARN_CONSTANT_CONVERSION = YES;
				CLANG_WARN_DIRECT_OBJC_ISA_USAGE = YES_ERROR;
				CLANG_WARN_EMPTY_BODY = YES;
				CLANG_WARN_ENUM_CONVERSION = YES;
				CLANG_WARN_INT_CONVERSION = YES;
				CLANG_WARN_OBJC_ROOT_CLASS = YES_ERROR;
				CLANG_WARN_UNREACHABLE_CODE = YES;
				CLANG_WARN__DUPLICATE_METHOD_MATCH = YES;
				"CODE_SIGN_IDENTITY[sdk=iphoneos*]" = "iPhone Developer";
				COPY_PHASE_STRIP = NO;
				DEBUG_INFORMATION_FORMAT = "dwarf-with-dsym";
				ENABLE_NS_ASSERTIONS = NO;
				ENABLE_STRICT_OBJC_MSGSEND = YES;
				GCC_C_LANGUAGE_STANDARD = gnu99;
				GCC_NO_COMMON_BLOCKS = YES;
				GCC_WARN_64_TO_32_BIT_CONVERSION = YES;
				GCC_WARN_ABOUT_RETURN_TYPE = YES_ERROR;
				GCC_WARN_UNDECLARED_SELECTOR = YES;
				GCC_WARN_UNINITIALIZED_AUTOS = YES_AGGRESSIVE;
				GCC_WARN_UNUSED_FUNCTION = YES;
				GCC_WARN_UNUSED_VARIABLE = YES;
				IPHONEOS_DEPLOYMENT_TARGET = 9.3;
				MTL_ENABLE_DEBUG_INFO = NO;
				SDKROOT = iphoneos;
				VALIDATE_PRODUCT = YES;
			};
			name = Release;
		};
		8411C34A1D3F5A80003FC684 /* Debug */ = {
			isa = XCBuildConfiguration;
			baseConfigurationReference = 4C3DBE706FCA22AB087A0C9C /* Pods-StoreSearch.debug.xcconfig */;
			buildSettings = {
				ASSETCATALOG_COMPILER_APPICON_NAME = AppIcon;
				ASSETCATALOG_COMPILER_LAUNCHIMAGE_NAME = LaunchImage;
				CLANG_STATIC_ANALYZER_MODE = deep;
				INFOPLIST_FILE = StoreSearch/Info.plist;
				LD_RUNPATH_SEARCH_PATHS = "$(inherited) @executable_path/Frameworks";
				PRODUCT_BUNDLE_IDENTIFIER = text.StoreSearch;
				PRODUCT_NAME = "$(TARGET_NAME)";
				RUN_CLANG_STATIC_ANALYZER = YES;
				TARGETED_DEVICE_FAMILY = "1,2";
				WARNING_CFLAGS = (
					"-Wall",
					"-Wextra",
					"-Wno-unused-parameter",
				);
			};
			name = Debug;
		};
		8411C34B1D3F5A80003FC684 /* Release */ = {
			isa = XCBuildConfiguration;
			baseConfigurationReference = 0F61E40609D61E2D0B03D4C2 /* Pods-StoreSearch.release.xcconfig */;
			buildSettings = {
				ASSETCATALOG_COMPILER_APPICON_NAME = AppIcon;
				ASSETCATALOG_COMPILER_LAUNCHIMAGE_NAME = LaunchImage;
				CLANG_STATIC_ANALYZER_MODE = deep;
				INFOPLIST_FILE = StoreSearch/Info.plist;
				LD_RUNPATH_SEARCH_PATHS = "$(inherited) @executable_path/Frameworks";
				PRODUCT_BUNDLE_IDENTIFIER = text.StoreSearch;
				PRODUCT_NAME = "$(TARGET_NAME)";
				RUN_CLANG_STATIC_ANALYZER = YES;
				TARGETED_DEVICE_FAMILY = "1,2";
				WARNING_CFLAGS = (
					"-Wall",
					"-Wextra",
					"-Wno-unused-parameter",
				);
			};
			name = Release;
		};
		8411C34D1D3F5A80003FC684 /* Debug */ = {
			isa = XCBuildConfiguration;
			baseConfigurationReference = 91849E73D3AD9B5D579071FB /* Pods-StoreSearchTests.debug.xcconfig */;
			buildSettings = {
				BUNDLE_LOADER = "$(TEST_HOST)";
				INFOPLIST_FILE = StoreSearchTests/Info.plist;
				LD_RUNPATH_SEARCH_PATHS = "$(inherited) @executable_path/Frameworks @loader_path/Frameworks";
				PRODUCT_BUNDLE_IDENTIFIER = text.StoreSearchTests;
				PRODUCT_NAME = "$(TARGET_NAME)";
				TEST_HOST = "$(BUILT_PRODUCTS_DIR)/StoreSearch.app/StoreSearch";
			};
			name = Debug;
		};
		8411C34E1D3F5A80003FC684 /* Release */ = {
			isa = XCBuildConfiguration;
			baseConfigurationReference = CA99DE71087EE2F7E0EE50AC /* Pods-StoreSearchTests.release.xcconfig */;
			buildSettings = {
				BUNDLE_LOADER = "$(TEST_HOST)";
				INFOPLIST_FILE = StoreSearchTests/Info.plist;
				LD_RUNPATH_SEARCH_PATHS = "$(inherited) @executable_path/Frameworks @loader_path/Frameworks";
				PRODUCT_BUNDLE_IDENTIFIER = text.StoreSearchTests;
				PRODUCT_NAME = "$(TARGET_NAME)";
				TEST_HOST = "$(BUILT_PRODUCTS_DIR)/StoreSearch.app/StoreSearch";
			};
			name = Release;
		};
		8411C3501D3F5A80003FC684 /* Debug */ = {
			isa = XCBuildConfiguration;
			baseConfigurationReference = 9B9F4CF30EC42FC046A3E430 /* Pods-StoreSearchUITests.debug.xcconfig */;
			buildSettings = {
				INFOPLIST_FILE = StoreSearchUITests/Info.plist;
				LD_RUNPATH_SEARCH_PATHS = "$(inherited) @executable_path/Frameworks @loader_path/Frameworks";
				PRODUCT_BUNDLE_IDENTIFIER = text.StoreSearchUITests;
				PRODUCT_NAME = "$(TARGET_NAME)";
				TEST_TARGET_NAME = StoreSearch;
			};
			name = Debug;
		};
		8411C3511D3F5A80003FC684 /* Release */ = {
			isa = XCBuildConfiguration;
			baseConfigurationReference = 2B22A1E071AF415E0E573C0C /* Pods-StoreSearchUITests.release.xcconfig */;
			buildSettings = {
				INFOPLIST_FILE = StoreSearchUITests/Info.plist;
				LD_RUNPATH_SEARCH_PATHS = "$(inherited) @executable_path/Frameworks @loader_path/Frameworks";
				PRODUCT_BUNDLE_IDENTIFIER = text.StoreSearchUITests;
				PRODUCT_NAME = "$(TARGET_NAME)";
				TEST_TARGET_NAME = StoreSearch;
			};
			name = Release;
		};
/* End XCBuildConfiguration section */

/* Begin XCConfigurationList section */
		8411C3171D3F5A80003FC684 /* Build configuration list for PBXProject "StoreSearch" */ = {
			isa = XCConfigurationList;
			buildConfigurations = (
				8411C3471D3F5A80003FC684 /* Debug */,
				8411C3481D3F5A80003FC684 /* Release */,
			);
			defaultConfigurationIsVisible = 0;
			defaultConfigurationName = Release;
		};
		8411C3491D3F5A80003FC684 /* Build configuration list for PBXNativeTarget "StoreSearch" */ = {
			isa = XCConfigurationList;
			buildConfigurations = (
				8411C34A1D3F5A80003FC684 /* Debug */,
				8411C34B1D3F5A80003FC684 /* Release */,
			);
			defaultConfigurationIsVisible = 0;
			defaultConfigurationName = Release;
		};
		8411C34C1D3F5A80003FC684 /* Build configuration list for PBXNativeTarget "StoreSearchTests" */ = {
			isa = XCConfigurationList;
			buildConfigurations = (
				8411C34D1D3F5A80003FC684 /* Debug */,
				8411C34E1D3F5A80003FC684 /* Release */,
			);
			defaultConfigurationIsVisible = 0;
			defaultConfigurationName = Release;
		};
		8411C34F1D3F5A80003FC684 /* Build configuration list for PBXNativeTarget "StoreSearchUITests" */ = {
			isa = XCConfigurationList;
			buildConfigurations = (
				8411C3501D3F5A80003FC684 /* Debug */,
				8411C3511D3F5A80003FC684 /* Release */,
			);
			defaultConfigurationIsVisible = 0;
			defaultConfigurationName = Release;
		};
/* End XCConfigurationList section */
	};
	rootObject = 8411C3141D3F5A80003FC684 /* Project object */;
}
